
Microsoft Visual Studio Solution File, Format Version 12.00
# Visual Studio Version 17
VisualStudioVersion = 17.4.33213.308
MinimumVisualStudioVersion = 10.0.40219.1
Project("{FAE04EC0-301F-11D3-BF4B-00C04F79EFBC}") = "对象集合排序", "对象集合排序\对象集合排序.csproj", "{47524EEE-2478-4877-BC68-54C16394AB71}"
EndProject
Global
	GlobalSection(SolutionConfigurationPlatforms) = preSolution
		Debug|Any CPU = Debug|Any CPU
		Release|Any CPU = Release|Any CPU
	EndGlobalSection
	GlobalSection(ProjectConfigurationPlatforms) = postSolution
		{47524EEE-2478-4877-BC68-54C16394AB71}.Debug|Any CPU.ActiveCfg = Debug|Any CPU
		{47524EEE-2478-4877-BC68-54C16394AB71}.Debug|Any CPU.Build.0 = Debug|Any CPU
		{47524EEE-2478-4877-BC68-54C16394AB71}.Release|Any CPU.ActiveCfg = Release|Any CPU
		{47524EEE-2478-4877-BC68-54C16394AB71}.Release|Any CPU.Build.0 = Release|Any CPU
	EndGlobalSection
	GlobalSection(SolutionProperties) = preSolution
		HideSolutionNode = FALSE
	EndGlobalSection
	GlobalSection(ExtensibilityGlobals) = postSolution
		SolutionGuid = {38A264A6-CA1E-4E1D-ABA5-001DF969DD4A}
	EndGlobalSection
EndGlobal
